
Microsoft Visual Studio Solution File, Format Version 12.00
# Visual Studio Version 16
VisualStudioVersion = 16.0.29911.84
MinimumVisualStudioVersion = 10.0.40219.1
Project("{FAE04EC0-301F-11D3-BF4B-00C04F79EFBC}") = "IteratorsAndComperatorsExercise", "IteratorsAndComperatorsExercise\IteratorsAndComperatorsExercise.csproj", "{D0CEFA35-1984-480A-B2D7-16A59A2CC2B6}"
EndProject
Project("{FAE04EC0-301F-11D3-BF4B-00C04F79EFBC}") = "Stack", "Stack\Stack.csproj", "{B2CFAA6E-DEE5-4330-A0F1-AFE1B507B643}"
EndProject
Project("{FAE04EC0-301F-11D3-BF4B-00C04F79EFBC}") = "Froggy", "Froggy\Froggy.csproj", "{B46A64CE-5650-4F34-BF8E-AE469EFB14A6}"
EndProject
Project("{FAE04EC0-301F-11D3-BF4B-00C04F79EFBC}") = "ComparingObjects", "ComparingObjects\ComparingObjects.csproj", "{30BA124F-41E0-4469-9018-EEE768589787}"
EndProject
Project("{FAE04EC0-301F-11D3-BF4B-00C04F79EFBC}") = "EqualityLogic", "EqualityLogic\EqualityLogic.csproj", "{E13C17F7-16B4-453D-93F2-4D632F6FF46F}"
EndProject
Global
	GlobalSection(SolutionConfigurationPlatforms) = preSolution
		Debug|Any CPU = Debug|Any CPU
		Release|Any CPU = Release|Any CPU
	EndGlobalSection
	GlobalSection(ProjectConfigurationPlatforms) = postSolution
		{D0CEFA35-1984-480A-B2D7-16A59A2CC2B6}.Debug|Any CPU.ActiveCfg = Debug|Any CPU
		{D0CEFA35-1984-480A-B2D7-16A59A2CC2B6}.Debug|Any CPU.Build.0 = Debug|Any CPU
		{D0CEFA35-1984-480A-B2D7-16A59A2CC2B6}.Release|Any CPU.ActiveCfg = Release|Any CPU
		{D0CEFA35-1984-480A-B2D7-16A59A2CC2B6}.Release|Any CPU.Build.0 = Release|Any CPU
		{B2CFAA6E-DEE5-4330-A0F1-AFE1B507B643}.Debug|Any CPU.ActiveCfg = Debug|Any CPU
		{B2CFAA6E-DEE5-4330-A0F1-AFE1B507B643}.Debug|Any CPU.Build.0 = Debug|Any CPU
		{B2CFAA6E-DEE5-4330-A0F1-AFE1B507B643}.Release|Any CPU.ActiveCfg = Release|Any CPU
		{B2CFAA6E-DEE5-4330-A0F1-AFE1B507B643}.Release|Any CPU.Build.0 = Release|Any CPU
		{B46A64CE-5650-4F34-BF8E-AE469EFB14A6}.Debug|Any CPU.ActiveCfg = Debug|Any CPU
		{B46A64CE-5650-4F34-BF8E-AE469EFB14A6}.Debug|Any CPU.Build.0 = Debug|Any CPU
		{B46A64CE-5650-4F34-BF8E-AE469EFB14A6}.Release|Any CPU.ActiveCfg = Release|Any CPU
		{B46A64CE-5650-4F34-BF8E-AE469EFB14A6}.Release|Any CPU.Build.0 = Release|Any CPU
		{30BA124F-41E0-4469-9018-EEE768589787}.Debug|Any CPU.ActiveCfg = Debug|Any CPU
		{30BA124F-41E0-4469-9018-EEE768589787}.Debug|Any CPU.Build.0 = Debug|Any CPU
		{30BA124F-41E0-4469-9018-EEE768589787}.Release|Any CPU.ActiveCfg = Release|Any CPU
		{30BA124F-41E0-4469-9018-EEE768589787}.Release|Any CPU.Build.0 = Release|Any CPU
		{E13C17F7-16B4-453D-93F2-4D632F6FF46F}.Debug|Any CPU.ActiveCfg = Debug|Any CPU
		{E13C17F7-16B4-453D-93F2-4D632F6FF46F}.Debug|Any CPU.Build.0 = Debug|Any CPU
		{E13C17F7-16B4-453D-93F2-4D632F6FF46F}.Release|Any CPU.ActiveCfg = Release|Any CPU
		{E13C17F7-16B4-453D-93F2-4D632F6FF46F}.Release|Any CPU.Build.0 = Release|Any CPU
	EndGlobalSection
	GlobalSection(SolutionProperties) = preSolution
		HideSolutionNode = FALSE
	EndGlobalSection
	GlobalSection(ExtensibilityGlobals) = postSolution
		SolutionGuid = {48B3DA81-BA29-4864-8AD4-4E6BFCDFA43F}
	EndGlobalSection
EndGlobal
