
Microsoft Visual Studio Solution File, Format Version 12.00
# Visual Studio Version 16
VisualStudioVersion = 16.0.29911.84
MinimumVisualStudioVersion = 10.0.40219.1
Project("{FAE04EC0-301F-11D3-BF4B-00C04F79EFBC}") = "IteratorsAndComparators", "IteratorsAndComparators\IteratorsAndComparators.csproj", "{1DDAF332-9B61-4E17-9B90-170EA7AF5DFF}"
EndProject
Global
	GlobalSection(SolutionConfigurationPlatforms) = preSolution
		Debug|Any CPU = Debug|Any CPU
		Release|Any CPU = Release|Any CPU
	EndGlobalSection
	GlobalSection(ProjectConfigurationPlatforms) = postSolution
		{1DDAF332-9B61-4E17-9B90-170EA7AF5DFF}.Debug|Any CPU.ActiveCfg = Debug|Any CPU
		{1DDAF332-9B61-4E17-9B90-170EA7AF5DFF}.Debug|Any CPU.Build.0 = Debug|Any CPU
		{1DDAF332-9B61-4E17-9B90-170EA7AF5DFF}.Release|Any CPU.ActiveCfg = Release|Any CPU
		{1DDAF332-9B61-4E17-9B90-170EA7AF5DFF}.Release|Any CPU.Build.0 = Release|Any CPU
	EndGlobalSection
	GlobalSection(SolutionProperties) = preSolution
		HideSolutionNode = FALSE
	EndGlobalSection
	GlobalSection(ExtensibilityGlobals) = postSolution
		SolutionGuid = {0BBD2CDF-F4A2-4B23-AE70-DAED962C4DED}
	EndGlobalSection
EndGlobal
