
Microsoft Visual Studio Solution File, Format Version 12.00
# Visual Studio Version 16
VisualStudioVersion = 16.0.29911.84
MinimumVisualStudioVersion = 10.0.40219.1
Project("{FAE04EC0-301F-11D3-BF4B-00C04F79EFBC}") = "PolymorphismLab", "PolymorphismLab\PolymorphismLab.csproj", "{7D2335DD-8379-4D88-95F7-8037CF96FDAB}"
EndProject
Project("{FAE04EC0-301F-11D3-BF4B-00C04F79EFBC}") = "Animals", "Animals\Animals.csproj", "{EC7B04A7-E88B-485E-9777-708D0EA52FD7}"
EndProject
Project("{FAE04EC0-301F-11D3-BF4B-00C04F79EFBC}") = "Shapes", "Shapes\Shapes.csproj", "{D2A88DE2-06D0-4B58-ABDD-7A21CF1EF3FA}"
EndProject
Global
	GlobalSection(SolutionConfigurationPlatforms) = preSolution
		Debug|Any CPU = Debug|Any CPU
		Release|Any CPU = Release|Any CPU
	EndGlobalSection
	GlobalSection(ProjectConfigurationPlatforms) = postSolution
		{7D2335DD-8379-4D88-95F7-8037CF96FDAB}.Debug|Any CPU.ActiveCfg = Debug|Any CPU
		{7D2335DD-8379-4D88-95F7-8037CF96FDAB}.Debug|Any CPU.Build.0 = Debug|Any CPU
		{7D2335DD-8379-4D88-95F7-8037CF96FDAB}.Release|Any CPU.ActiveCfg = Release|Any CPU
		{7D2335DD-8379-4D88-95F7-8037CF96FDAB}.Release|Any CPU.Build.0 = Release|Any CPU
		{EC7B04A7-E88B-485E-9777-708D0EA52FD7}.Debug|Any CPU.ActiveCfg = Debug|Any CPU
		{EC7B04A7-E88B-485E-9777-708D0EA52FD7}.Debug|Any CPU.Build.0 = Debug|Any CPU
		{EC7B04A7-E88B-485E-9777-708D0EA52FD7}.Release|Any CPU.ActiveCfg = Release|Any CPU
		{EC7B04A7-E88B-485E-9777-708D0EA52FD7}.Release|Any CPU.Build.0 = Release|Any CPU
		{D2A88DE2-06D0-4B58-ABDD-7A21CF1EF3FA}.Debug|Any CPU.ActiveCfg = Debug|Any CPU
		{D2A88DE2-06D0-4B58-ABDD-7A21CF1EF3FA}.Debug|Any CPU.Build.0 = Debug|Any CPU
		{D2A88DE2-06D0-4B58-ABDD-7A21CF1EF3FA}.Release|Any CPU.ActiveCfg = Release|Any CPU
		{D2A88DE2-06D0-4B58-ABDD-7A21CF1EF3FA}.Release|Any CPU.Build.0 = Release|Any CPU
	EndGlobalSection
	GlobalSection(SolutionProperties) = preSolution
		HideSolutionNode = FALSE
	EndGlobalSection
	GlobalSection(ExtensibilityGlobals) = postSolution
		SolutionGuid = {42812D33-8261-4C4C-A170-483F1BC9AE8E}
	EndGlobalSection
EndGlobal
